
Microsoft Visual Studio Solution File, Format Version 12.00
# Visual Studio Version 16
VisualStudioVersion = 16.0.30114.105
MinimumVisualStudioVersion = 10.0.40219.1
Project("{FAE04EC0-301F-11D3-BF4B-00C04F79EFBC}") = "kolokwium", "kolokwium.csproj", "{4ABAE2D8-96F3-48A5-AA6B-C24829F11D3C}"
EndProject
Global
	GlobalSection(SolutionConfigurationPlatforms) = preSolution
		Debug|Any CPU = Debug|Any CPU
		Release|Any CPU = Release|Any CPU
	EndGlobalSection
	GlobalSection(ProjectConfigurationPlatforms) = postSolution
		{4ABAE2D8-96F3-48A5-AA6B-C24829F11D3C}.Debug|Any CPU.ActiveCfg = Debug|Any CPU
		{4ABAE2D8-96F3-48A5-AA6B-C24829F11D3C}.Debug|Any CPU.Build.0 = Debug|Any CPU
		{4ABAE2D8-96F3-48A5-AA6B-C24829F11D3C}.Release|Any CPU.ActiveCfg = Release|Any CPU
		{4ABAE2D8-96F3-48A5-AA6B-C24829F11D3C}.Release|Any CPU.Build.0 = Release|Any CPU
	EndGlobalSection
	GlobalSection(SolutionProperties) = preSolution
		HideSolutionNode = FALSE
	EndGlobalSection
	GlobalSection(ExtensibilityGlobals) = postSolution
		SolutionGuid = {4C64840B-6AEF-4CD8-8B0F-2246A38BC4CF}
	EndGlobalSection
EndGlobal
